// !$*UTF8*$!
{
	archiveVersion = 1;
	classes = {
	};
	objectVersion = 50;
	objects = {

/* Begin PBXBuildFile section */
		0465F6D22148E28000E7095B /* APAddFeedViewController.m in Sources */ = {isa = PBXBuildFile; fileRef = 0465F6CF2148E28000E7095B /* APAddFeedViewController.m */; };
		0465F6D32148E28000E7095B /* APMyFeedViewController.m in Sources */ = {isa = PBXBuildFile; fileRef = 0465F6D12148E28000E7095B /* APMyFeedViewController.m */; };
		0465F6E02148E28600E7095B /* APAddFeedView.m in Sources */ = {isa = PBXBuildFile; fileRef = 0465F6D62148E28600E7095B /* APAddFeedView.m */; };
		0465F6E12148E28600E7095B /* APMyFeedTableViewCell.m in Sources */ = {isa = PBXBuildFile; fileRef = 0465F6D82148E28600E7095B /* APMyFeedTableViewCell.m */; };
		0465F6E22148E28600E7095B /* APAddFeedViewRect.m in Sources */ = {isa = PBXBuildFile; fileRef = 0465F6DB2148E28600E7095B /* APAddFeedViewRect.m */; };
		0465F6E32148E28600E7095B /* APMyFeed.m in Sources */ = {isa = PBXBuildFile; fileRef = 0465F6DD2148E28600E7095B /* APMyFeed.m */; };
		0465F6E42148E28600E7095B /* APMyFeedContentImage.m in Sources */ = {isa = PBXBuildFile; fileRef = 0465F6DF2148E28600E7095B /* APMyFeedContentImage.m */; };
		0465F6E72148E3B100E7095B /* TZTestCell.m in Sources */ = {isa = PBXBuildFile; fileRef = 0465F6E62148E3B100E7095B /* TZTestCell.m */; };
		0465F6EA2148E43D00E7095B /* APMBProgressHUD.m in Sources */ = {isa = PBXBuildFile; fileRef = 0465F6E82148E43D00E7095B /* APMBProgressHUD.m */; };
		0465F6ED2148E44B00E7095B /* AUMBProgressHUD.m in Sources */ = {isa = PBXBuildFile; fileRef = 0465F6EB2148E44B00E7095B /* AUMBProgressHUD.m */; };
		0465F6F02148EA9000E7095B /* CommonUtils.m in Sources */ = {isa = PBXBuildFile; fileRef = 0465F6EF2148EA9000E7095B /* CommonUtils.m */; };
		048AB2ED214212EF0025D917 /* AppDelegate.m in Sources */ = {isa = PBXBuildFile; fileRef = 048AB2EC214212EF0025D917 /* AppDelegate.m */; };
		048AB2F5214212F50025D917 /* Assets.xcassets in Resources */ = {isa = PBXBuildFile; fileRef = 048AB2F4214212F50025D917 /* Assets.xcassets */; };
		048AB2F8214212F50025D917 /* LaunchScreen.storyboard in Resources */ = {isa = PBXBuildFile; fileRef = 048AB2F6214212F50025D917 /* LaunchScreen.storyboard */; };
		048AB2FB214212F50025D917 /* main.m in Sources */ = {isa = PBXBuildFile; fileRef = 048AB2FA214212F50025D917 /* main.m */; };
		048AB305214212F60025D917 /* InfoFlowTests.m in Sources */ = {isa = PBXBuildFile; fileRef = 048AB304214212F60025D917 /* InfoFlowTests.m */; };
		048AB310214212F60025D917 /* InfoFlowUITests.m in Sources */ = {isa = PBXBuildFile; fileRef = 048AB30F214212F60025D917 /* InfoFlowUITests.m */; };
		048AB36A2142135A0025D917 /* LICENSE in Resources */ = {isa = PBXBuildFile; fileRef = 048AB3502142135A0025D917 /* LICENSE */; };
		048AB36B2142135A0025D917 /* MASCompositeConstraint.m in Sources */ = {isa = PBXBuildFile; fileRef = 048AB3532142135A0025D917 /* MASCompositeConstraint.m */; };
		048AB36C2142135A0025D917 /* MASConstraint.m in Sources */ = {isa = PBXBuildFile; fileRef = 048AB3562142135A0025D917 /* MASConstraint.m */; };
		048AB36D2142135A0025D917 /* MASConstraintMaker.m in Sources */ = {isa = PBXBuildFile; fileRef = 048AB3582142135A0025D917 /* MASConstraintMaker.m */; };
		048AB36E2142135A0025D917 /* MASLayoutConstraint.m in Sources */ = {isa = PBXBuildFile; fileRef = 048AB35A2142135A0025D917 /* MASLayoutConstraint.m */; };
		048AB36F2142135A0025D917 /* MASViewAttribute.m in Sources */ = {isa = PBXBuildFile; fileRef = 048AB35E2142135A0025D917 /* MASViewAttribute.m */; };
		048AB3702142135A0025D917 /* MASViewConstraint.m in Sources */ = {isa = PBXBuildFile; fileRef = 048AB3602142135A0025D917 /* MASViewConstraint.m */; };
		048AB3712142135A0025D917 /* NSArray+MASAdditions.m in Sources */ = {isa = PBXBuildFile; fileRef = 048AB3622142135A0025D917 /* NSArray+MASAdditions.m */; };
		048AB3722142135A0025D917 /* NSLayoutConstraint+MASDebugAdditions.m in Sources */ = {isa = PBXBuildFile; fileRef = 048AB3652142135A0025D917 /* NSLayoutConstraint+MASDebugAdditions.m */; };
		048AB3732142135A0025D917 /* View+MASAdditions.m in Sources */ = {isa = PBXBuildFile; fileRef = 048AB3672142135A0025D917 /* View+MASAdditions.m */; };
		048AB3742142135A0025D917 /* README.md in Resources */ = {isa = PBXBuildFile; fileRef = 048AB3692142135A0025D917 /* README.md */; };
		048AB387214213820025D917 /* UITableView+ATHeightCache.m in Sources */ = {isa = PBXBuildFile; fileRef = 048AB384214213820025D917 /* UITableView+ATHeightCache.m */; };
		048AB388214213820025D917 /* UITableViewCell+ATCalcCellHeight.m in Sources */ = {isa = PBXBuildFile; fileRef = 048AB386214213820025D917 /* UITableViewCell+ATCalcCellHeight.m */; };
		803212229D9E9912859F3D37 /* libPods-InfoFlowUITests.a in Frameworks */ = {isa = PBXBuildFile; fileRef = 8F5EDC551DDD9265F4501673 /* libPods-InfoFlowUITests.a */; };
		A2240AC29B8A3C7962CFA4D7 /* libPods-InfoFlowTests.a in Frameworks */ = {isa = PBXBuildFile; fileRef = D40AFC63F8334EDC452EBC39 /* libPods-InfoFlowTests.a */; };
		C2A13796F9F3ABC2F576478E /* libPods-InfoFlow.a in Frameworks */ = {isa = PBXBuildFile; fileRef = F5BF3CE98BB143017FD3205C /* libPods-InfoFlow.a */; };
/* End PBXBuildFile section */

/* Begin PBXContainerItemProxy section */
		048AB301214212F60025D917 /* PBXContainerItemProxy */ = {
			isa = PBXContainerItemProxy;
			containerPortal = 048AB2E0214212EF0025D917 /* Project object */;
			proxyType = 1;
			remoteGlobalIDString = 048AB2E7214212EF0025D917;
			remoteInfo = InfoFlow;
		};
		048AB30C214212F60025D917 /* PBXContainerItemProxy */ = {
			isa = PBXContainerItemProxy;
			containerPortal = 048AB2E0214212EF0025D917 /* Project object */;
			proxyType = 1;
			remoteGlobalIDString = 048AB2E7214212EF0025D917;
			remoteInfo = InfoFlow;
		};
/* End PBXContainerItemProxy section */

/* Begin PBXFileReference section */
		02D9459B17A46144EF312955 /* Pods-InfoFlowTests.debug.xcconfig */ = {isa = PBXFileReference; includeInIndex = 1; lastKnownFileType = text.xcconfig; name = "Pods-InfoFlowTests.debug.xcconfig"; path = "Pods/Target Support Files/Pods-InfoFlowTests/Pods-InfoFlowTests.debug.xcconfig"; sourceTree = "<group>"; };
		0465F6CE2148E28000E7095B /* APAddFeedViewController.h */ = {isa = PBXFileReference; fileEncoding = 4; lastKnownFileType = sourcecode.c.h; path = APAddFeedViewController.h; sourceTree = "<group>"; };
		0465F6CF2148E28000E7095B /* APAddFeedViewController.m */ = {isa = PBXFileReference; fileEncoding = 4; lastKnownFileType = sourcecode.c.objc; path = APAddFeedViewController.m; sourceTree = "<group>"; };
		0465F6D02148E28000E7095B /* APMyFeedViewController.h */ = {isa = PBXFileReference; fileEncoding = 4; lastKnownFileType = sourcecode.c.h; path = APMyFeedViewController.h; sourceTree = "<group>"; };
		0465F6D12148E28000E7095B /* APMyFeedViewController.m */ = {isa = PBXFileReference; fileEncoding = 4; lastKnownFileType = sourcecode.c.objc; path = APMyFeedViewController.m; sourceTree = "<group>"; };
		0465F6D52148E28600E7095B /* APAddFeedView.h */ = {isa = PBXFileReference; fileEncoding = 4; lastKnownFileType = sourcecode.c.h; path = APAddFeedView.h; sourceTree = "<group>"; };
		0465F6D62148E28600E7095B /* APAddFeedView.m */ = {isa = PBXFileReference; fileEncoding = 4; lastKnownFileType = sourcecode.c.objc; path = APAddFeedView.m; sourceTree = "<group>"; };
		0465F6D72148E28600E7095B /* APMyFeedTableViewCell.h */ = {isa = PBXFileReference; fileEncoding = 4; lastKnownFileType = sourcecode.c.h; path = APMyFeedTableViewCell.h; sourceTree = "<group>"; };
		0465F6D82148E28600E7095B /* APMyFeedTableViewCell.m */ = {isa = PBXFileReference; fileEncoding = 4; lastKnownFileType = sourcecode.c.objc; path = APMyFeedTableViewCell.m; sourceTree = "<group>"; };
		0465F6DA2148E28600E7095B /* APAddFeedViewRect.h */ = {isa = PBXFileReference; fileEncoding = 4; lastKnownFileType = sourcecode.c.h; path = APAddFeedViewRect.h; sourceTree = "<group>"; };
		0465F6DB2148E28600E7095B /* APAddFeedViewRect.m */ = {isa = PBXFileReference; fileEncoding = 4; lastKnownFileType = sourcecode.c.objc; path = APAddFeedViewRect.m; sourceTree = "<group>"; };
		0465F6DC2148E28600E7095B /* APMyFeed.h */ = {isa = PBXFileReference; fileEncoding = 4; lastKnownFileType = sourcecode.c.h; path = APMyFeed.h; sourceTree = "<group>"; };
		0465F6DD2148E28600E7095B /* APMyFeed.m */ = {isa = PBXFileReference; fileEncoding = 4; lastKnownFileType = sourcecode.c.objc; path = APMyFeed.m; sourceTree = "<group>"; };
		0465F6DE2148E28600E7095B /* APMyFeedContentImage.h */ = {isa = PBXFileReference; fileEncoding = 4; lastKnownFileType = sourcecode.c.h; path = APMyFeedContentImage.h; sourceTree = "<group>"; };
		0465F6DF2148E28600E7095B /* APMyFeedContentImage.m */ = {isa = PBXFileReference; fileEncoding = 4; lastKnownFileType = sourcecode.c.objc; path = APMyFeedContentImage.m; sourceTree = "<group>"; };
		0465F6E52148E3B100E7095B /* TZTestCell.h */ = {isa = PBXFileReference; fileEncoding = 4; lastKnownFileType = sourcecode.c.h; path = TZTestCell.h; sourceTree = "<group>"; };
		0465F6E62148E3B100E7095B /* TZTestCell.m */ = {isa = PBXFileReference; fileEncoding = 4; lastKnownFileType = sourcecode.c.objc; path = TZTestCell.m; sourceTree = "<group>"; };
		0465F6E82148E43D00E7095B /* APMBProgressHUD.m */ = {isa = PBXFileReference; fileEncoding = 4; lastKnownFileType = sourcecode.c.objc; path = APMBProgressHUD.m; sourceTree = "<group>"; };
		0465F6E92148E43D00E7095B /* APMBProgressHUD.h */ = {isa = PBXFileReference; fileEncoding = 4; lastKnownFileType = sourcecode.c.h; path = APMBProgressHUD.h; sourceTree = "<group>"; };
		0465F6EB2148E44B00E7095B /* AUMBProgressHUD.m */ = {isa = PBXFileReference; fileEncoding = 4; lastKnownFileType = sourcecode.c.objc; path = AUMBProgressHUD.m; sourceTree = "<group>"; };
		0465F6EC2148E44B00E7095B /* AUMBProgressHUD.h */ = {isa = PBXFileReference; fileEncoding = 4; lastKnownFileType = sourcecode.c.h; path = AUMBProgressHUD.h; sourceTree = "<group>"; };
		0465F6EE2148EA9000E7095B /* CommonUtils.h */ = {isa = PBXFileReference; lastKnownFileType = sourcecode.c.h; path = CommonUtils.h; sourceTree = "<group>"; };
		0465F6EF2148EA9000E7095B /* CommonUtils.m */ = {isa = PBXFileReference; lastKnownFileType = sourcecode.c.objc; path = CommonUtils.m; sourceTree = "<group>"; };
		048AB2E8214212EF0025D917 /* InfoFlow.app */ = {isa = PBXFileReference; explicitFileType = wrapper.application; includeInIndex = 0; path = InfoFlow.app; sourceTree = BUILT_PRODUCTS_DIR; };
		048AB2EB214212EF0025D917 /* AppDelegate.h */ = {isa = PBXFileReference; lastKnownFileType = sourcecode.c.h; path = AppDelegate.h; sourceTree = "<group>"; };
		048AB2EC214212EF0025D917 /* AppDelegate.m */ = {isa = PBXFileReference; lastKnownFileType = sourcecode.c.objc; path = AppDelegate.m; sourceTree = "<group>"; };
		048AB2F4214212F50025D917 /* Assets.xcassets */ = {isa = PBXFileReference; lastKnownFileType = folder.assetcatalog; path = Assets.xcassets; sourceTree = "<group>"; };
		048AB2F7214212F50025D917 /* Base */ = {isa = PBXFileReference; lastKnownFileType = file.storyboard; name = Base; path = Base.lproj/LaunchScreen.storyboard; sourceTree = "<group>"; };
		048AB2F9214212F50025D917 /* Info.plist */ = {isa = PBXFileReference; lastKnownFileType = text.plist.xml; path = Info.plist; sourceTree = "<group>"; };
		048AB2FA214212F50025D917 /* main.m */ = {isa = PBXFileReference; lastKnownFileType = sourcecode.c.objc; path = main.m; sourceTree = "<group>"; };
		048AB300214212F60025D917 /* InfoFlowTests.xctest */ = {isa = PBXFileReference; explicitFileType = wrapper.cfbundle; includeInIndex = 0; path = InfoFlowTests.xctest; sourceTree = BUILT_PRODUCTS_DIR; };
		048AB304214212F60025D917 /* InfoFlowTests.m */ = {isa = PBXFileReference; lastKnownFileType = sourcecode.c.objc; path = InfoFlowTests.m; sourceTree = "<group>"; };
		048AB306214212F60025D917 /* Info.plist */ = {isa = PBXFileReference; lastKnownFileType = text.plist.xml; path = Info.plist; sourceTree = "<group>"; };
		048AB30B214212F60025D917 /* InfoFlowUITests.xctest */ = {isa = PBXFileReference; explicitFileType = wrapper.cfbundle; includeInIndex = 0; path = InfoFlowUITests.xctest; sourceTree = BUILT_PRODUCTS_DIR; };
		048AB30F214212F60025D917 /* InfoFlowUITests.m */ = {isa = PBXFileReference; lastKnownFileType = sourcecode.c.objc; path = InfoFlowUITests.m; sourceTree = "<group>"; };
		048AB311214212F60025D917 /* Info.plist */ = {isa = PBXFileReference; lastKnownFileType = text.plist.xml; path = Info.plist; sourceTree = "<group>"; };
		048AB3502142135A0025D917 /* LICENSE */ = {isa = PBXFileReference; fileEncoding = 4; lastKnownFileType = text; path = LICENSE; sourceTree = "<group>"; };
		048AB3522142135A0025D917 /* MASCompositeConstraint.h */ = {isa = PBXFileReference; fileEncoding = 4; lastKnownFileType = sourcecode.c.h; path = MASCompositeConstraint.h; sourceTree = "<group>"; };
		048AB3532142135A0025D917 /* MASCompositeConstraint.m */ = {isa = PBXFileReference; fileEncoding = 4; lastKnownFileType = sourcecode.c.objc; path = MASCompositeConstraint.m; sourceTree = "<group>"; };
		048AB3542142135A0025D917 /* MASConstraint+Private.h */ = {isa = PBXFileReference; fileEncoding = 4; lastKnownFileType = sourcecode.c.h; path = "MASConstraint+Private.h"; sourceTree = "<group>"; };
		048AB3552142135A0025D917 /* MASConstraint.h */ = {isa = PBXFileReference; fileEncoding = 4; lastKnownFileType = sourcecode.c.h; path = MASConstraint.h; sourceTree = "<group>"; };
		048AB3562142135A0025D917 /* MASConstraint.m */ = {isa = PBXFileReference; fileEncoding = 4; lastKnownFileType = sourcecode.c.objc; path = MASConstraint.m; sourceTree = "<group>"; };
		048AB3572142135A0025D917 /* MASConstraintMaker.h */ = {isa = PBXFileReference; fileEncoding = 4; lastKnownFileType = sourcecode.c.h; path = MASConstraintMaker.h; sourceTree = "<group>"; };
		048AB3582142135A0025D917 /* MASConstraintMaker.m */ = {isa = PBXFileReference; fileEncoding = 4; lastKnownFileType = sourcecode.c.objc; path = MASConstraintMaker.m; sourceTree = "<group>"; };
		048AB3592142135A0025D917 /* MASLayoutConstraint.h */ = {isa = PBXFileReference; fileEncoding = 4; lastKnownFileType = sourcecode.c.h; path = MASLayoutConstraint.h; sourceTree = "<group>"; };
		048AB35A2142135A0025D917 /* MASLayoutConstraint.m */ = {isa = PBXFileReference; fileEncoding = 4; lastKnownFileType = sourcecode.c.objc; path = MASLayoutConstraint.m; sourceTree = "<group>"; };
		048AB35B2142135A0025D917 /* Masonry.h */ = {isa = PBXFileReference; fileEncoding = 4; lastKnownFileType = sourcecode.c.h; path = Masonry.h; sourceTree = "<group>"; };
		048AB35C2142135A0025D917 /* MASUtilities.h */ = {isa = PBXFileReference; fileEncoding = 4; lastKnownFileType = sourcecode.c.h; path = MASUtilities.h; sourceTree = "<group>"; };
		048AB35D2142135A0025D917 /* MASViewAttribute.h */ = {isa = PBXFileReference; fileEncoding = 4; lastKnownFileType = sourcecode.c.h; path = MASViewAttribute.h; sourceTree = "<group>"; };
		048AB35E2142135A0025D917 /* MASViewAttribute.m */ = {isa = PBXFileReference; fileEncoding = 4; lastKnownFileType = sourcecode.c.objc; path = MASViewAttribute.m; sourceTree = "<group>"; };
		048AB35F2142135A0025D917 /* MASViewConstraint.h */ = {isa = PBXFileReference; fileEncoding = 4; lastKnownFileType = sourcecode.c.h; path = MASViewConstraint.h; sourceTree = "<group>"; };
		048AB3602142135A0025D917 /* MASViewConstraint.m */ = {isa = PBXFileReference; fileEncoding = 4; lastKnownFileType = sourcecode.c.objc; path = MASViewConstraint.m; sourceTree = "<group>"; };
		048AB3612142135A0025D917 /* NSArray+MASAdditions.h */ = {isa = PBXFileReference; fileEncoding = 4; lastKnownFileType = sourcecode.c.h; path = "NSArray+MASAdditions.h"; sourceTree = "<group>"; };
		048AB3622142135A0025D917 /* NSArray+MASAdditions.m */ = {isa = PBXFileReference; fileEncoding = 4; lastKnownFileType = sourcecode.c.objc; path = "NSArray+MASAdditions.m"; sourceTree = "<group>"; };
		048AB3632142135A0025D917 /* NSArray+MASShorthandAdditions.h */ = {isa = PBXFileReference; fileEncoding = 4; lastKnownFileType = sourcecode.c.h; path = "NSArray+MASShorthandAdditions.h"; sourceTree = "<group>"; };
		048AB3642142135A0025D917 /* NSLayoutConstraint+MASDebugAdditions.h */ = {isa = PBXFileReference; fileEncoding = 4; lastKnownFileType = sourcecode.c.h; path = "NSLayoutConstraint+MASDebugAdditions.h"; sourceTree = "<group>"; };
		048AB3652142135A0025D917 /* NSLayoutConstraint+MASDebugAdditions.m */ = {isa = PBXFileReference; fileEncoding = 4; lastKnownFileType = sourcecode.c.objc; path = "NSLayoutConstraint+MASDebugAdditions.m"; sourceTree = "<group>"; };
		048AB3662142135A0025D917 /* View+MASAdditions.h */ = {isa = PBXFileReference; fileEncoding = 4; lastKnownFileType = sourcecode.c.h; path = "View+MASAdditions.h"; sourceTree = "<group>"; };
		048AB3672142135A0025D917 /* View+MASAdditions.m */ = {isa = PBXFileReference; fileEncoding = 4; lastKnownFileType = sourcecode.c.objc; path = "View+MASAdditions.m"; sourceTree = "<group>"; };
		048AB3682142135A0025D917 /* View+MASShorthandAdditions.h */ = {isa = PBXFileReference; fileEncoding = 4; lastKnownFileType = sourcecode.c.h; path = "View+MASShorthandAdditions.h"; sourceTree = "<group>"; };
		048AB3692142135A0025D917 /* README.md */ = {isa = PBXFileReference; fileEncoding = 4; lastKnownFileType = net.daringfireball.markdown; path = README.md; sourceTree = "<group>"; };
		048AB383214213820025D917 /* UITableView+ATHeightCache.h */ = {isa = PBXFileReference; fileEncoding = 4; lastKnownFileType = sourcecode.c.h; path = "UITableView+ATHeightCache.h"; sourceTree = "<group>"; };
		048AB384214213820025D917 /* UITableView+ATHeightCache.m */ = {isa = PBXFileReference; fileEncoding = 4; lastKnownFileType = sourcecode.c.objc; path = "UITableView+ATHeightCache.m"; sourceTree = "<group>"; };
		048AB385214213820025D917 /* UITableViewCell+ATCalcCellHeight.h */ = {isa = PBXFileReference; fileEncoding = 4; lastKnownFileType = sourcecode.c.h; path = "UITableViewCell+ATCalcCellHeight.h"; sourceTree = "<group>"; };
		048AB386214213820025D917 /* UITableViewCell+ATCalcCellHeight.m */ = {isa = PBXFileReference; fileEncoding = 4; lastKnownFileType = sourcecode.c.objc; path = "UITableViewCell+ATCalcCellHeight.m"; sourceTree = "<group>"; };
		048AB3FD214279340025D917 /* MediaPlayer.framework */ = {isa = PBXFileReference; lastKnownFileType = wrapper.framework; name = MediaPlayer.framework; path = System/Library/Frameworks/MediaPlayer.framework; sourceTree = SDKROOT; };
		6096AFCC5B338CFBB1D48777 /* Pods-InfoFlowUITests.debug.xcconfig */ = {isa = PBXFileReference; includeInIndex = 1; lastKnownFileType = text.xcconfig; name = "Pods-InfoFlowUITests.debug.xcconfig"; path = "Pods/Target Support Files/Pods-InfoFlowUITests/Pods-InfoFlowUITests.debug.xcconfig"; sourceTree = "<group>"; };
		83E01517019CF8C9AC6EC351 /* Pods-InfoFlowUITests.release.xcconfig */ = {isa = PBXFileReference; includeInIndex = 1; lastKnownFileType = text.xcconfig; name = "Pods-InfoFlowUITests.release.xcconfig"; path = "Pods/Target Support Files/Pods-InfoFlowUITests/Pods-InfoFlowUITests.release.xcconfig"; sourceTree = "<group>"; };
		8C25711C513B2362BFEFABF2 /* Pods-InfoFlow.release.xcconfig */ = {isa = PBXFileReference; includeInIndex = 1; lastKnownFileType = text.xcconfig; name = "Pods-InfoFlow.release.xcconfig"; path = "Pods/Target Support Files/Pods-InfoFlow/Pods-InfoFlow.release.xcconfig"; sourceTree = "<group>"; };
		8F5EDC551DDD9265F4501673 /* libPods-InfoFlowUITests.a */ = {isa = PBXFileReference; explicitFileType = archive.ar; includeInIndex = 0; path = "libPods-InfoFlowUITests.a"; sourceTree = BUILT_PRODUCTS_DIR; };
		C0859337EF83A64515E67038 /* Pods-InfoFlow.debug.xcconfig */ = {isa = PBXFileReference; includeInIndex = 1; lastKnownFileType = text.xcconfig; name = "Pods-InfoFlow.debug.xcconfig"; path = "Pods/Target Support Files/Pods-InfoFlow/Pods-InfoFlow.debug.xcconfig"; sourceTree = "<group>"; };
		C4B9B06730BE5FD8BA9E0A55 /* Pods-InfoFlowTests.release.xcconfig */ = {isa = PBXFileReference; includeInIndex = 1; lastKnownFileType = text.xcconfig; name = "Pods-InfoFlowTests.release.xcconfig"; path = "Pods/Target Support Files/Pods-InfoFlowTests/Pods-InfoFlowTests.release.xcconfig"; sourceTree = "<group>"; };
		D40AFC63F8334EDC452EBC39 /* libPods-InfoFlowTests.a */ = {isa = PBXFileReference; explicitFileType = archive.ar; includeInIndex = 0; path = "libPods-InfoFlowTests.a"; sourceTree = BUILT_PRODUCTS_DIR; };
		F5BF3CE98BB143017FD3205C /* libPods-InfoFlow.a */ = {isa = PBXFileReference; explicitFileType = archive.ar; includeInIndex = 0; path = "libPods-InfoFlow.a"; sourceTree = BUILT_PRODUCTS_DIR; };
/* End PBXFileReference section */

/* Begin PBXFrameworksBuildPhase section */
		048AB2E5214212EF0025D917 /* Frameworks */ = {
			isa = PBXFrameworksBuildPhase;
			buildActionMask = 2147483647;
			files = (
				C2A13796F9F3ABC2F576478E /* libPods-InfoFlow.a in Frameworks */,
			);
			runOnlyForDeploymentPostprocessing = 0;
		};
		048AB2FD214212F60025D917 /* Frameworks */ = {
			isa = PBXFrameworksBuildPhase;
			buildActionMask = 2147483647;
			files = (
				A2240AC29B8A3C7962CFA4D7 /* libPods-InfoFlowTests.a in Frameworks */,
			);
			runOnlyForDeploymentPostprocessing = 0;
		};
		048AB308214212F60025D917 /* Frameworks */ = {
			isa = PBXFrameworksBuildPhase;
			buildActionMask = 2147483647;
			files = (
				803212229D9E9912859F3D37 /* libPods-InfoFlowUITests.a in Frameworks */,
			);
			runOnlyForDeploymentPostprocessing = 0;
		};
/* End PBXFrameworksBuildPhase section */

/* Begin PBXGroup section */
		0465F6CD2148E28000E7095B /* Controller */ = {
			isa = PBXGroup;
			children = (
				0465F6CE2148E28000E7095B /* APAddFeedViewController.h */,
				0465F6CF2148E28000E7095B /* APAddFeedViewController.m */,
				0465F6D02148E28000E7095B /* APMyFeedViewController.h */,
				0465F6D12148E28000E7095B /* APMyFeedViewController.m */,
			);
			path = Controller;
			sourceTree = "<group>";
		};
		0465F6D42148E28600E7095B /* View */ = {
			isa = PBXGroup;
			children = (
				0465F6E52148E3B100E7095B /* TZTestCell.h */,
				0465F6E62148E3B100E7095B /* TZTestCell.m */,
				0465F6D52148E28600E7095B /* APAddFeedView.h */,
				0465F6D62148E28600E7095B /* APAddFeedView.m */,
				0465F6D72148E28600E7095B /* APMyFeedTableViewCell.h */,
				0465F6D82148E28600E7095B /* APMyFeedTableViewCell.m */,
			);
			path = View;
			sourceTree = "<group>";
		};
		0465F6D92148E28600E7095B /* Model */ = {
			isa = PBXGroup;
			children = (
				0465F6DA2148E28600E7095B /* APAddFeedViewRect.h */,
				0465F6DB2148E28600E7095B /* APAddFeedViewRect.m */,
				0465F6DC2148E28600E7095B /* APMyFeed.h */,
				0465F6DD2148E28600E7095B /* APMyFeed.m */,
				0465F6DE2148E28600E7095B /* APMyFeedContentImage.h */,
				0465F6DF2148E28600E7095B /* APMyFeedContentImage.m */,
			);
			path = Model;
			sourceTree = "<group>";
		};
		048AB2DF214212EF0025D917 = {
			isa = PBXGroup;
			children = (
				048AB2EA214212EF0025D917 /* InfoFlow */,
				048AB303214212F60025D917 /* InfoFlowTests */,
				048AB30E214212F60025D917 /* InfoFlowUITests */,
				048AB2E9214212EF0025D917 /* Products */,
				55E0C59F7A8D8931C679A0FB /* Pods */,
				461E7C6F45F3CAA0EE5F297A /* Frameworks */,
			);
			sourceTree = "<group>";
		};
		048AB2E9214212EF0025D917 /* Products */ = {
			isa = PBXGroup;
			children = (
				048AB2E8214212EF0025D917 /* InfoFlow.app */,
				048AB300214212F60025D917 /* InfoFlowTests.xctest */,
				048AB30B214212F60025D917 /* InfoFlowUITests.xctest */,
			);
			name = Products;
			sourceTree = "<group>";
		};
		048AB2EA214212EF0025D917 /* InfoFlow */ = {
			isa = PBXGroup;
			children = (
				0465F6D92148E28600E7095B /* Model */,
				0465F6D42148E28600E7095B /* View */,
				0465F6CD2148E28000E7095B /* Controller */,
				048AB31D214213440025D917 /* Lib */,
				048AB2EB214212EF0025D917 /* AppDelegate.h */,
				048AB2EC214212EF0025D917 /* AppDelegate.m */,
				048AB2F4214212F50025D917 /* Assets.xcassets */,
				048AB2F6214212F50025D917 /* LaunchScreen.storyboard */,
				048AB2F9214212F50025D917 /* Info.plist */,
				048AB2FA214212F50025D917 /* main.m */,
			);
			path = InfoFlow;
			sourceTree = "<group>";
		};
		048AB303214212F60025D917 /* InfoFlowTests */ = {
			isa = PBXGroup;
			children = (
				048AB304214212F60025D917 /* InfoFlowTests.m */,
				048AB306214212F60025D917 /* Info.plist */,
			);
			path = InfoFlowTests;
			sourceTree = "<group>";
		};
		048AB30E214212F60025D917 /* InfoFlowUITests */ = {
			isa = PBXGroup;
			children = (
				048AB30F214212F60025D917 /* InfoFlowUITests.m */,
				048AB311214212F60025D917 /* Info.plist */,
			);
			path = InfoFlowUITests;
			sourceTree = "<group>";
		};
		048AB31D214213440025D917 /* Lib */ = {
			isa = PBXGroup;
			children = (
				0465F6EC2148E44B00E7095B /* AUMBProgressHUD.h */,
				0465F6EB2148E44B00E7095B /* AUMBProgressHUD.m */,
				0465F6E92148E43D00E7095B /* APMBProgressHUD.h */,
				0465F6E82148E43D00E7095B /* APMBProgressHUD.m */,
				0465F6EE2148EA9000E7095B /* CommonUtils.h */,
				0465F6EF2148EA9000E7095B /* CommonUtils.m */,
				048AB382214213820025D917 /* calcCellHeightTool */,
				048AB34F2142135A0025D917 /* Masonry */,
			);
			path = Lib;
			sourceTree = "<group>";
		};
		048AB34F2142135A0025D917 /* Masonry */ = {
			isa = PBXGroup;
			children = (
				048AB3502142135A0025D917 /* LICENSE */,
				048AB3512142135A0025D917 /* Masonry */,
				048AB3692142135A0025D917 /* README.md */,
			);
			path = Masonry;
			sourceTree = "<group>";
		};
		048AB3512142135A0025D917 /* Masonry */ = {
			isa = PBXGroup;
			children = (
				048AB3522142135A0025D917 /* MASCompositeConstraint.h */,
				048AB3532142135A0025D917 /* MASCompositeConstraint.m */,
				048AB3542142135A0025D917 /* MASConstraint+Private.h */,
				048AB3552142135A0025D917 /* MASConstraint.h */,
				048AB3562142135A0025D917 /* MASConstraint.m */,
				048AB3572142135A0025D917 /* MASConstraintMaker.h */,
				048AB3582142135A0025D917 /* MASConstraintMaker.m */,
				048AB3592142135A0025D917 /* MASLayoutConstraint.h */,
				048AB35A2142135A0025D917 /* MASLayoutConstraint.m */,
				048AB35B2142135A0025D917 /* Masonry.h */,
				048AB35C2142135A0025D917 /* MASUtilities.h */,
				048AB35D2142135A0025D917 /* MASViewAttribute.h */,
				048AB35E2142135A0025D917 /* MASViewAttribute.m */,
				048AB35F2142135A0025D917 /* MASViewConstraint.h */,
				048AB3602142135A0025D917 /* MASViewConstraint.m */,
				048AB3612142135A0025D917 /* NSArray+MASAdditions.h */,
				048AB3622142135A0025D917 /* NSArray+MASAdditions.m */,
				048AB3632142135A0025D917 /* NSArray+MASShorthandAdditions.h */,
				048AB3642142135A0025D917 /* NSLayoutConstraint+MASDebugAdditions.h */,
				048AB3652142135A0025D917 /* NSLayoutConstraint+MASDebugAdditions.m */,
				048AB3662142135A0025D917 /* View+MASAdditions.h */,
				048AB3672142135A0025D917 /* View+MASAdditions.m */,
				048AB3682142135A0025D917 /* View+MASShorthandAdditions.h */,
			);
			path = Masonry;
			sourceTree = "<group>";
		};
		048AB382214213820025D917 /* calcCellHeightTool */ = {
			isa = PBXGroup;
			children = (
				048AB383214213820025D917 /* UITableView+ATHeightCache.h */,
				048AB384214213820025D917 /* UITableView+ATHeightCache.m */,
				048AB385214213820025D917 /* UITableViewCell+ATCalcCellHeight.h */,
				048AB386214213820025D917 /* UITableViewCell+ATCalcCellHeight.m */,
			);
			path = calcCellHeightTool;
			sourceTree = "<group>";
		};
		461E7C6F45F3CAA0EE5F297A /* Frameworks */ = {
			isa = PBXGroup;
			children = (
				048AB3FD214279340025D917 /* MediaPlayer.framework */,
				F5BF3CE98BB143017FD3205C /* libPods-InfoFlow.a */,
				D40AFC63F8334EDC452EBC39 /* libPods-InfoFlowTests.a */,
				8F5EDC551DDD9265F4501673 /* libPods-InfoFlowUITests.a */,
			);
			name = Frameworks;
			sourceTree = "<group>";
		};
		55E0C59F7A8D8931C679A0FB /* Pods */ = {
			isa = PBXGroup;
			children = (
				C0859337EF83A64515E67038 /* Pods-InfoFlow.debug.xcconfig */,
				8C25711C513B2362BFEFABF2 /* Pods-InfoFlow.release.xcconfig */,
				02D9459B17A46144EF312955 /* Pods-InfoFlowTests.debug.xcconfig */,
				C4B9B06730BE5FD8BA9E0A55 /* Pods-InfoFlowTests.release.xcconfig */,
				6096AFCC5B338CFBB1D48777 /* Pods-InfoFlowUITests.debug.xcconfig */,
				83E01517019CF8C9AC6EC351 /* Pods-InfoFlowUITests.release.xcconfig */,
			);
			name = Pods;
			sourceTree = "<group>";
		};
/* End PBXGroup section */

/* Begin PBXNativeTarget section */
		048AB2E7214212EF0025D917 /* InfoFlow */ = {
			isa = PBXNativeTarget;
			buildConfigurationList = 048AB314214212F60025D917 /* Build configuration list for PBXNativeTarget "InfoFlow" */;
			buildPhases = (
				DCFC5C21AE12DF707C30BEE2 /* [CP] Check Pods Manifest.lock */,
				048AB2E4214212EF0025D917 /* Sources */,
				048AB2E5214212EF0025D917 /* Frameworks */,
				048AB2E6214212EF0025D917 /* Resources */,
				ED65387A22B867DCCB4B1CC4 /* [CP] Copy Pods Resources */,
			);
			buildRules = (
			);
			dependencies = (
			);
			name = InfoFlow;
			productName = InfoFlow;
			productReference = 048AB2E8214212EF0025D917 /* InfoFlow.app */;
			productType = "com.apple.product-type.application";
		};
		048AB2FF214212F60025D917 /* InfoFlowTests */ = {
			isa = PBXNativeTarget;
			buildConfigurationList = 048AB317214212F60025D917 /* Build configuration list for PBXNativeTarget "InfoFlowTests" */;
			buildPhases = (
				36C18C30E2A22DCCB030B3A0 /* [CP] Check Pods Manifest.lock */,
				048AB2FC214212F60025D917 /* Sources */,
				048AB2FD214212F60025D917 /* Frameworks */,
				048AB2FE214212F60025D917 /* Resources */,
			);
			buildRules = (
			);
			dependencies = (
				048AB302214212F60025D917 /* PBXTargetDependency */,
			);
			name = InfoFlowTests;
			productName = InfoFlowTests;
			productReference = 048AB300214212F60025D917 /* InfoFlowTests.xctest */;
			productType = "com.apple.product-type.bundle.unit-test";
		};
		048AB30A214212F60025D917 /* InfoFlowUITests */ = {
			isa = PBXNativeTarget;
			buildConfigurationList = 048AB31A214212F60025D917 /* Build configuration list for PBXNativeTarget "InfoFlowUITests" */;
			buildPhases = (
				45EAC19B7A92505F5D527D13 /* [CP] Check Pods Manifest.lock */,
				048AB307214212F60025D917 /* Sources */,
				048AB308214212F60025D917 /* Frameworks */,
				048AB309214212F60025D917 /* Resources */,
			);
			buildRules = (
			);
			dependencies = (
				048AB30D214212F60025D917 /* PBXTargetDependency */,
			);
			name = InfoFlowUITests;
			productName = InfoFlowUITests;
			productReference = 048AB30B214212F60025D917 /* InfoFlowUITests.xctest */;
			productType = "com.apple.product-type.bundle.ui-testing";
		};
/* End PBXNativeTarget section */

/* Begin PBXProject section */
		048AB2E0214212EF0025D917 /* Project object */ = {
			isa = PBXProject;
			attributes = {
				LastUpgradeCheck = 0940;
				ORGANIZATIONNAME = mac;
				TargetAttributes = {
					048AB2E7214212EF0025D917 = {
						CreatedOnToolsVersion = 9.4.1;
					};
					048AB2FF214212F60025D917 = {
						CreatedOnToolsVersion = 9.4.1;
						TestTargetID = 048AB2E7214212EF0025D917;
					};
					048AB30A214212F60025D917 = {
						CreatedOnToolsVersion = 9.4.1;
						TestTargetID = 048AB2E7214212EF0025D917;
					};
				};
			};
			buildConfigurationList = 048AB2E3214212EF0025D917 /* Build configuration list for PBXProject "InfoFlow" */;
			compatibilityVersion = "Xcode 9.3";
			developmentRegion = en;
			hasScannedForEncodings = 0;
			knownRegions = (
				en,
				Base,
			);
			mainGroup = 048AB2DF214212EF0025D917;
			productRefGroup = 048AB2E9214212EF0025D917 /* Products */;
			projectDirPath = "";
			projectRoot = "";
			targets = (
				048AB2E7214212EF0025D917 /* InfoFlow */,
				048AB2FF214212F60025D917 /* InfoFlowTests */,
				048AB30A214212F60025D917 /* InfoFlowUITests */,
			);
		};
/* End PBXProject section */

/* Begin PBXResourcesBuildPhase section */
		048AB2E6214212EF0025D917 /* Resources */ = {
			isa = PBXResourcesBuildPhase;
			buildActionMask = 2147483647;
			files = (
				048AB36A2142135A0025D917 /* LICENSE in Resources */,
				048AB2F8214212F50025D917 /* LaunchScreen.storyboard in Resources */,
				048AB2F5214212F50025D917 /* Assets.xcassets in Resources */,
				048AB3742142135A0025D917 /* README.md in Resources */,
			);
			runOnlyForDeploymentPostprocessing = 0;
		};
		048AB2FE214212F60025D917 /* Resources */ = {
			isa = PBXResourcesBuildPhase;
			buildActionMask = 2147483647;
			files = (
			);
			runOnlyForDeploymentPostprocessing = 0;
		};
		048AB309214212F60025D917 /* Resources */ = {
			isa = PBXResourcesBuildPhase;
			buildActionMask = 2147483647;
			files = (
			);
			runOnlyForDeploymentPostprocessing = 0;
		};
/* End PBXResourcesBuildPhase section */

/* Begin PBXShellScriptBuildPhase section */
		36C18C30E2A22DCCB030B3A0 /* [CP] Check Pods Manifest.lock */ = {
			isa = PBXShellScriptBuildPhase;
			buildActionMask = 2147483647;
			files = (
			);
			inputPaths = (
				"${PODS_PODFILE_DIR_PATH}/Podfile.lock",
				"${PODS_ROOT}/Manifest.lock",
			);
			name = "[CP] Check Pods Manifest.lock";
			outputPaths = (
				"$(DERIVED_FILE_DIR)/Pods-InfoFlowTests-checkManifestLockResult.txt",
			);
			runOnlyForDeploymentPostprocessing = 0;
			shellPath = /bin/sh;
			shellScript = "diff \"${PODS_PODFILE_DIR_PATH}/Podfile.lock\" \"${PODS_ROOT}/Manifest.lock\" > /dev/null\nif [ $? != 0 ] ; then\n    # print error to STDERR\n    echo \"error: The sandbox is not in sync with the Podfile.lock. Run 'pod install' or update your CocoaPods installation.\" >&2\n    exit 1\nfi\n# This output is used by Xcode 'outputs' to avoid re-running this script phase.\necho \"SUCCESS\" > \"${SCRIPT_OUTPUT_FILE_0}\"\n";
			showEnvVarsInLog = 0;
		};
		45EAC19B7A92505F5D527D13 /* [CP] Check Pods Manifest.lock */ = {
			isa = PBXShellScriptBuildPhase;
			buildActionMask = 2147483647;
			files = (
			);
			inputPaths = (
				"${PODS_PODFILE_DIR_PATH}/Podfile.lock",
				"${PODS_ROOT}/Manifest.lock",
			);
			name = "[CP] Check Pods Manifest.lock";
			outputPaths = (
				"$(DERIVED_FILE_DIR)/Pods-InfoFlowUITests-checkManifestLockResult.txt",
			);
			runOnlyForDeploymentPostprocessing = 0;
			shellPath = /bin/sh;
			shellScript = "diff \"${PODS_PODFILE_DIR_PATH}/Podfile.lock\" \"${PODS_ROOT}/Manifest.lock\" > /dev/null\nif [ $? != 0 ] ; then\n    # print error to STDERR\n    echo \"error: The sandbox is not in sync with the Podfile.lock. Run 'pod install' or update your CocoaPods installation.\" >&2\n    exit 1\nfi\n# This output is used by Xcode 'outputs' to avoid re-running this script phase.\necho \"SUCCESS\" > \"${SCRIPT_OUTPUT_FILE_0}\"\n";
			showEnvVarsInLog = 0;
		};
		DCFC5C21AE12DF707C30BEE2 /* [CP] Check Pods Manifest.lock */ = {
			isa = PBXShellScriptBuildPhase;
			buildActionMask = 2147483647;
			files = (
			);
			inputPaths = (
				"${PODS_PODFILE_DIR_PATH}/Podfile.lock",
				"${PODS_ROOT}/Manifest.lock",
			);
			name = "[CP] Check Pods Manifest.lock";
			outputPaths = (
				"$(DERIVED_FILE_DIR)/Pods-InfoFlow-checkManifestLockResult.txt",
			);
			runOnlyForDeploymentPostprocessing = 0;
			shellPath = /bin/sh;
			shellScript = "diff \"${PODS_PODFILE_DIR_PATH}/Podfile.lock\" \"${PODS_ROOT}/Manifest.lock\" > /dev/null\nif [ $? != 0 ] ; then\n    # print error to STDERR\n    echo \"error: The sandbox is not in sync with the Podfile.lock. Run 'pod install' or update your CocoaPods installation.\" >&2\n    exit 1\nfi\n# This output is used by Xcode 'outputs' to avoid re-running this script phase.\necho \"SUCCESS\" > \"${SCRIPT_OUTPUT_FILE_0}\"\n";
			showEnvVarsInLog = 0;
		};
		ED65387A22B867DCCB4B1CC4 /* [CP] Copy Pods Resources */ = {
			isa = PBXShellScriptBuildPhase;
			buildActionMask = 2147483647;
			files = (
			);
			inputPaths = (
				"${SRCROOT}/Pods/Target Support Files/Pods-InfoFlow/Pods-InfoFlow-resources.sh",
				"${PODS_CONFIGURATION_BUILD_DIR}/MWPhotoBrowser/MWPhotoBrowser.bundle",
				"${PODS_ROOT}/TZImagePickerController/TZImagePickerController/TZImagePickerController/TZImagePickerController.bundle",
			);
			name = "[CP] Copy Pods Resources";
			outputPaths = (
				"${TARGET_BUILD_DIR}/${UNLOCALIZED_RESOURCES_FOLDER_PATH}/MWPhotoBrowser.bundle",
				"${TARGET_BUILD_DIR}/${UNLOCALIZED_RESOURCES_FOLDER_PATH}/TZImagePickerController.bundle",
			);
			runOnlyForDeploymentPostprocessing = 0;
			shellPath = /bin/sh;
			shellScript = "\"${SRCROOT}/Pods/Target Support Files/Pods-InfoFlow/Pods-InfoFlow-resources.sh\"\n";
			showEnvVarsInLog = 0;
		};
/* End PBXShellScriptBuildPhase section */

/* Begin PBXSourcesBuildPhase section */
		048AB2E4214212EF0025D917 /* Sources */ = {
			isa = PBXSourcesBuildPhase;
			buildActionMask = 2147483647;
			files = (
				0465F6E12148E28600E7095B /* APMyFeedTableViewCell.m in Sources */,
				048AB36C2142135A0025D917 /* MASConstraint.m in Sources */,
				0465F6E32148E28600E7095B /* APMyFeed.m in Sources */,
				048AB36F2142135A0025D917 /* MASViewAttribute.m in Sources */,
				0465F6E02148E28600E7095B /* APAddFeedView.m in Sources */,
				0465F6E42148E28600E7095B /* APMyFeedContentImage.m in Sources */,
				048AB36D2142135A0025D917 /* MASConstraintMaker.m in Sources */,
				048AB3702142135A0025D917 /* MASViewConstraint.m in Sources */,
				0465F6E72148E3B100E7095B /* TZTestCell.m in Sources */,
				048AB3732142135A0025D917 /* View+MASAdditions.m in Sources */,
				0465F6F02148EA9000E7095B /* CommonUtils.m in Sources */,
				048AB36B2142135A0025D917 /* MASCompositeConstraint.m in Sources */,
				048AB36E2142135A0025D917 /* MASLayoutConstraint.m in Sources */,
				048AB2FB214212F50025D917 /* main.m in Sources */,
				048AB3722142135A0025D917 /* NSLayoutConstraint+MASDebugAdditions.m in Sources */,
				0465F6EA2148E43D00E7095B /* APMBProgressHUD.m in Sources */,
				048AB388214213820025D917 /* UITableViewCell+ATCalcCellHeight.m in Sources */,
				0465F6D22148E28000E7095B /* APAddFeedViewController.m in Sources */,
				0465F6E22148E28600E7095B /* APAddFeedViewRect.m in Sources */,
				048AB3712142135A0025D917 /* NSArray+MASAdditions.m in Sources */,
				048AB387214213820025D917 /* UITableView+ATHeightCache.m in Sources */,
				0465F6ED2148E44B00E7095B /* AUMBProgressHUD.m in Sources */,
				0465F6D32148E28000E7095B /* APMyFeedViewController.m in Sources */,
				048AB2ED214212EF0025D917 /* AppDelegate.m in Sources */,
			);
			runOnlyForDeploymentPostprocessing = 0;
		};
		048AB2FC214212F60025D917 /* Sources */ = {
			isa = PBXSourcesBuildPhase;
			buildActionMask = 2147483647;
			files = (
				048AB305214212F60025D917 /* InfoFlowTests.m in Sources */,
			);
			runOnlyForDeploymentPostprocessing = 0;
		};
		048AB307214212F60025D917 /* Sources */ = {
			isa = PBXSourcesBuildPhase;
			buildActionMask = 2147483647;
			files = (
				048AB310214212F60025D917 /* InfoFlowUITests.m in Sources */,
			);
			runOnlyForDeploymentPostprocessing = 0;
		};
/* End PBXSourcesBuildPhase section */

/* Begin PBXTargetDependency section */
		048AB302214212F60025D917 /* PBXTargetDependency */ = {
			isa = PBXTargetDependency;
			target = 048AB2E7214212EF0025D917 /* InfoFlow */;
			targetProxy = 048AB301214212F60025D917 /* PBXContainerItemProxy */;
		};
		048AB30D214212F60025D917 /* PBXTargetDependency */ = {
			isa = PBXTargetDependency;
			target = 048AB2E7214212EF0025D917 /* InfoFlow */;
			targetProxy = 048AB30C214212F60025D917 /* PBXContainerItemProxy */;
		};
/* End PBXTargetDependency section */

/* Begin PBXVariantGroup section */
		048AB2F6214212F50025D917 /* LaunchScreen.storyboard */ = {
			isa = PBXVariantGroup;
			children = (
				048AB2F7214212F50025D917 /* Base */,
			);
			name = LaunchScreen.storyboard;
			sourceTree = "<group>";
		};
/* End PBXVariantGroup section */

/* Begin XCBuildConfiguration section */
		048AB312214212F60025D917 /* Debug */ = {
			isa = XCBuildConfiguration;
			buildSettings = {
				ALWAYS_SEARCH_USER_PATHS = NO;
				CLANG_ANALYZER_NONNULL = YES;
				CLANG_ANALYZER_NUMBER_OBJECT_CONVERSION = YES_AGGRESSIVE;
				CLANG_CXX_LANGUAGE_STANDARD = "gnu++14";
				CLANG_CXX_LIBRARY = "libc++";
				CLANG_ENABLE_MODULES = YES;
				CLANG_ENABLE_OBJC_ARC = YES;
				CLANG_ENABLE_OBJC_WEAK = YES;
				CLANG_WARN_BLOCK_CAPTURE_AUTORELEASING = YES;
				CLANG_WARN_BOOL_CONVERSION = YES;
				CLANG_WARN_COMMA = YES;
				CLANG_WARN_CONSTANT_CONVERSION = YES;
				CLANG_WARN_DEPRECATED_OBJC_IMPLEMENTATIONS = YES;
				CLANG_WARN_DIRECT_OBJC_ISA_USAGE = YES_ERROR;
				CLANG_WARN_DOCUMENTATION_COMMENTS = YES;
				CLANG_WARN_EMPTY_BODY = YES;
				CLANG_WARN_ENUM_CONVERSION = YES;
				CLANG_WARN_INFINITE_RECURSION = YES;
				CLANG_WARN_INT_CONVERSION = YES;
				CLANG_WARN_NON_LITERAL_NULL_CONVERSION = YES;
				CLANG_WARN_OBJC_IMPLICIT_RETAIN_SELF = YES;
				CLANG_WARN_OBJC_LITERAL_CONVERSION = YES;
				CLANG_WARN_OBJC_ROOT_CLASS = YES_ERROR;
				CLANG_WARN_RANGE_LOOP_ANALYSIS = YES;
				CLANG_WARN_STRICT_PROTOTYPES = YES;
				CLANG_WARN_SUSPICIOUS_MOVE = YES;
				CLANG_WARN_UNGUARDED_AVAILABILITY = YES_AGGRESSIVE;
				CLANG_WARN_UNREACHABLE_CODE = YES;
				CLANG_WARN__DUPLICATE_METHOD_MATCH = YES;
				CODE_SIGN_IDENTITY = "iPhone Developer";
				COPY_PHASE_STRIP = NO;
				DEBUG_INFORMATION_FORMAT = dwarf;
				ENABLE_STRICT_OBJC_MSGSEND = YES;
				ENABLE_TESTABILITY = YES;
				GCC_C_LANGUAGE_STANDARD = gnu11;
				GCC_DYNAMIC_NO_PIC = NO;
				GCC_NO_COMMON_BLOCKS = YES;
				GCC_OPTIMIZATION_LEVEL = 0;
				GCC_PREPROCESSOR_DEFINITIONS = (
					"DEBUG=1",
					"$(inherited)",
				);
				GCC_WARN_64_TO_32_BIT_CONVERSION = YES;
				GCC_WARN_ABOUT_RETURN_TYPE = YES_ERROR;
				GCC_WARN_UNDECLARED_SELECTOR = YES;
				GCC_WARN_UNINITIALIZED_AUTOS = YES_AGGRESSIVE;
				GCC_WARN_UNUSED_FUNCTION = YES;
				GCC_WARN_UNUSED_VARIABLE = YES;
				IPHONEOS_DEPLOYMENT_TARGET = 11.4;
				MTL_ENABLE_DEBUG_INFO = YES;
				ONLY_ACTIVE_ARCH = YES;
				SDKROOT = iphoneos;
			};
			name = Debug;
		};
		048AB313214212F60025D917 /* Release */ = {
			isa = XCBuildConfiguration;
			buildSettings = {
				ALWAYS_SEARCH_USER_PATHS = NO;
				CLANG_ANALYZER_NONNULL = YES;
				CLANG_ANALYZER_NUMBER_OBJECT_CONVERSION = YES_AGGRESSIVE;
				CLANG_CXX_LANGUAGE_STANDARD = "gnu++14";
				CLANG_CXX_LIBRARY = "libc++";
				CLANG_ENABLE_MODULES = YES;
				CLANG_ENABLE_OBJC_ARC = YES;
				CLANG_ENABLE_OBJC_WEAK = YES;
				CLANG_WARN_BLOCK_CAPTURE_AUTORELEASING = YES;
				CLANG_WARN_BOOL_CONVERSION = YES;
				CLANG_WARN_COMMA = YES;
				CLANG_WARN_CONSTANT_CONVERSION = YES;
				CLANG_WARN_DEPRECATED_OBJC_IMPLEMENTATIONS = YES;
				CLANG_WARN_DIRECT_OBJC_ISA_USAGE = YES_ERROR;
				CLANG_WARN_DOCUMENTATION_COMMENTS = YES;
				CLANG_WARN_EMPTY_BODY = YES;
				CLANG_WARN_ENUM_CONVERSION = YES;
				CLANG_WARN_INFINITE_RECURSION = YES;
				CLANG_WARN_INT_CONVERSION = YES;
				CLANG_WARN_NON_LITERAL_NULL_CONVERSION = YES;
				CLANG_WARN_OBJC_IMPLICIT_RETAIN_SELF = YES;
				CLANG_WARN_OBJC_LITERAL_CONVERSION = YES;
				CLANG_WARN_OBJC_ROOT_CLASS = YES_ERROR;
				CLANG_WARN_RANGE_LOOP_ANALYSIS = YES;
				CLANG_WARN_STRICT_PROTOTYPES = YES;
				CLANG_WARN_SUSPICIOUS_MOVE = YES;
				CLANG_WARN_UNGUARDED_AVAILABILITY = YES_AGGRESSIVE;
				CLANG_WARN_UNREACHABLE_CODE = YES;
				CLANG_WARN__DUPLICATE_METHOD_MATCH = YES;
				CODE_SIGN_IDENTITY = "iPhone Developer";
				COPY_PHASE_STRIP = NO;
				DEBUG_INFORMATION_FORMAT = "dwarf-with-dsym";
				ENABLE_NS_ASSERTIONS = NO;
				ENABLE_STRICT_OBJC_MSGSEND = YES;
				GCC_C_LANGUAGE_STANDARD = gnu11;
				GCC_NO_COMMON_BLOCKS = YES;
				GCC_WARN_64_TO_32_BIT_CONVERSION = YES;
				GCC_WARN_ABOUT_RETURN_TYPE = YES_ERROR;
				GCC_WARN_UNDECLARED_SELECTOR = YES;
				GCC_WARN_UNINITIALIZED_AUTOS = YES_AGGRESSIVE;
				GCC_WARN_UNUSED_FUNCTION = YES;
				GCC_WARN_UNUSED_VARIABLE = YES;
				IPHONEOS_DEPLOYMENT_TARGET = 11.4;
				MTL_ENABLE_DEBUG_INFO = NO;
				SDKROOT = iphoneos;
				VALIDATE_PRODUCT = YES;
			};
			name = Release;
		};
		048AB315214212F60025D917 /* Debug */ = {
			isa = XCBuildConfiguration;
			baseConfigurationReference = C0859337EF83A64515E67038 /* Pods-InfoFlow.debug.xcconfig */;
			buildSettings = {
				ASSETCATALOG_COMPILER_APPICON_NAME = AppIcon;
				CODE_SIGN_STYLE = Automatic;
				INFOPLIST_FILE = InfoFlow/Info.plist;
				LD_RUNPATH_SEARCH_PATHS = (
					"$(inherited)",
					"@executable_path/Frameworks",
				);
				PRODUCT_BUNDLE_IDENTIFIER = alan.InfoFlow;
				PRODUCT_NAME = "$(TARGET_NAME)";
				TARGETED_DEVICE_FAMILY = "1,2";
			};
			name = Debug;
		};
		048AB316214212F60025D917 /* Release */ = {
			isa = XCBuildConfiguration;
			baseConfigurationReference = 8C25711C513B2362BFEFABF2 /* Pods-InfoFlow.release.xcconfig */;
			buildSettings = {
				ASSETCATALOG_COMPILER_APPICON_NAME = AppIcon;
				CODE_SIGN_STYLE = Automatic;
				INFOPLIST_FILE = InfoFlow/Info.plist;
				LD_RUNPATH_SEARCH_PATHS = (
					"$(inherited)",
					"@executable_path/Frameworks",
				);
				PRODUCT_BUNDLE_IDENTIFIER = alan.InfoFlow;
				PRODUCT_NAME = "$(TARGET_NAME)";
				TARGETED_DEVICE_FAMILY = "1,2";
			};
			name = Release;
		};
		048AB318214212F60025D917 /* Debug */ = {
			isa = XCBuildConfiguration;
			baseConfigurationReference = 02D9459B17A46144EF312955 /* Pods-InfoFlowTests.debug.xcconfig */;
			buildSettings = {
				BUNDLE_LOADER = "$(TEST_HOST)";
				CODE_SIGN_STYLE = Automatic;
				INFOPLIST_FILE = InfoFlowTests/Info.plist;
				LD_RUNPATH_SEARCH_PATHS = (
					"$(inherited)",
					"@executable_path/Frameworks",
					"@loader_path/Frameworks",
				);
				PRODUCT_BUNDLE_IDENTIFIER = alan.InfoFlowTests;
				PRODUCT_NAME = "$(TARGET_NAME)";
				TARGETED_DEVICE_FAMILY = "1,2";
				TEST_HOST = "$(BUILT_PRODUCTS_DIR)/InfoFlow.app/InfoFlow";
			};
			name = Debug;
		};
		048AB319214212F60025D917 /* Release */ = {
			isa = XCBuildConfiguration;
			baseConfigurationReference = C4B9B06730BE5FD8BA9E0A55 /* Pods-InfoFlowTests.release.xcconfig */;
			buildSettings = {
				BUNDLE_LOADER = "$(TEST_HOST)";
				CODE_SIGN_STYLE = Automatic;
				INFOPLIST_FILE = InfoFlowTests/Info.plist;
				LD_RUNPATH_SEARCH_PATHS = (
					"$(inherited)",
					"@executable_path/Frameworks",
					"@loader_path/Frameworks",
				);
				PRODUCT_BUNDLE_IDENTIFIER = alan.InfoFlowTests;
				PRODUCT_NAME = "$(TARGET_NAME)";
				TARGETED_DEVICE_FAMILY = "1,2";
				TEST_HOST = "$(BUILT_PRODUCTS_DIR)/InfoFlow.app/InfoFlow";
			};
			name = Release;
		};
		048AB31B214212F60025D917 /* Debug */ = {
			isa = XCBuildConfiguration;
			baseConfigurationReference = 6096AFCC5B338CFBB1D48777 /* Pods-InfoFlowUITests.debug.xcconfig */;
			buildSettings = {
				CODE_SIGN_STYLE = Automatic;
				INFOPLIST_FILE = InfoFlowUITests/Info.plist;
				LD_RUNPATH_SEARCH_PATHS = (
					"$(inherited)",
					"@executable_path/Frameworks",
					"@loader_path/Frameworks",
				);
				PRODUCT_BUNDLE_IDENTIFIER = alan.InfoFlowUITests;
				PRODUCT_NAME = "$(TARGET_NAME)";
				TARGETED_DEVICE_FAMILY = "1,2";
				TEST_TARGET_NAME = InfoFlow;
			};
			name = Debug;
		};
		048AB31C214212F60025D917 /* Release */ = {
			isa = XCBuildConfiguration;
			baseConfigurationReference = 83E01517019CF8C9AC6EC351 /* Pods-InfoFlowUITests.release.xcconfig */;
			buildSettings = {
				CODE_SIGN_STYLE = Automatic;
				INFOPLIST_FILE = InfoFlowUITests/Info.plist;
				LD_RUNPATH_SEARCH_PATHS = (
					"$(inherited)",
					"@executable_path/Frameworks",
					"@loader_path/Frameworks",
				);
				PRODUCT_BUNDLE_IDENTIFIER = alan.InfoFlowUITests;
				PRODUCT_NAME = "$(TARGET_NAME)";
				TARGETED_DEVICE_FAMILY = "1,2";
				TEST_TARGET_NAME = InfoFlow;
			};
			name = Release;
		};
/* End XCBuildConfiguration section */

/* Begin XCConfigurationList section */
		048AB2E3214212EF0025D917 /* Build configuration list for PBXProject "InfoFlow" */ = {
			isa = XCConfigurationList;
			buildConfigurations = (
				048AB312214212F60025D917 /* Debug */,
				048AB313214212F60025D917 /* Release */,
			);
			defaultConfigurationIsVisible = 0;
			defaultConfigurationName = Release;
		};
		048AB314214212F60025D917 /* Build configuration list for PBXNativeTarget "InfoFlow" */ = {
			isa = XCConfigurationList;
			buildConfigurations = (
				048AB315214212F60025D917 /* Debug */,
				048AB316214212F60025D917 /* Release */,
			);
			defaultConfigurationIsVisible = 0;
			defaultConfigurationName = Release;
		};
		048AB317214212F60025D917 /* Build configuration list for PBXNativeTarget "InfoFlowTests" */ = {
			isa = XCConfigurationList;
			buildConfigurations = (
				048AB318214212F60025D917 /* Debug */,
				048AB319214212F60025D917 /* Release */,
			);
			defaultConfigurationIsVisible = 0;
			defaultConfigurationName = Release;
		};
		048AB31A214212F60025D917 /* Build configuration list for PBXNativeTarget "InfoFlowUITests" */ = {
			isa = XCConfigurationList;
			buildConfigurations = (
				048AB31B214212F60025D917 /* Debug */,
				048AB31C214212F60025D917 /* Release */,
			);
			defaultConfigurationIsVisible = 0;
			defaultConfigurationName = Release;
		};
/* End XCConfigurationList section */
	};
	rootObject = 048AB2E0214212EF0025D917 /* Project object */;
}
